
Microsoft Visual Studio Solution File, Format Version 12.00
# Visual Studio Version 17
VisualStudioVersion = 17.0.31903.59
MinimumVisualStudioVersion = 10.0.40219.1
Project("{FAE04EC0-301F-11D3-BF4B-00C04F79EFBC}") = "ScaleUp.API", "ScaleUp.API\ScaleUp.API.csproj", "{A794CFDD-1501-4AEB-8EDC-FC4AF0C640F0}"
EndProject
Project("{FAE04EC0-301F-11D3-BF4B-00C04F79EFBC}") = "ScaleUp.Core", "ScaleUp.Core\ScaleUp.Core.csproj", "{FECF1A88-2683-4290-A6FA-4CA667B076F5}"
EndProject
Project("{FAE04EC0-301F-11D3-BF4B-00C04F79EFBC}") = "ScaleUp.Infrastructure", "ScaleUp.Infrastructure\ScaleUp.Infrastructure.csproj", "{A7281AB0-FEEA-4110-B8C4-D56E91DCE887}"
EndProject
Global
	GlobalSection(SolutionConfigurationPlatforms) = preSolution
		Debug|Any CPU = Debug|Any CPU
		Debug|x64 = Debug|x64
		Debug|x86 = Debug|x86
		Release|Any CPU = Release|Any CPU
		Release|x64 = Release|x64
		Release|x86 = Release|x86
	EndGlobalSection
	GlobalSection(ProjectConfigurationPlatforms) = postSolution
		{A794CFDD-1501-4AEB-8EDC-FC4AF0C640F0}.Debug|Any CPU.ActiveCfg = Debug|Any CPU
		{A794CFDD-1501-4AEB-8EDC-FC4AF0C640F0}.Debug|Any CPU.Build.0 = Debug|Any CPU
		{A794CFDD-1501-4AEB-8EDC-FC4AF0C640F0}.Debug|x64.ActiveCfg = Debug|Any CPU
		{A794CFDD-1501-4AEB-8EDC-FC4AF0C640F0}.Debug|x64.Build.0 = Debug|Any CPU
		{A794CFDD-1501-4AEB-8EDC-FC4AF0C640F0}.Debug|x86.ActiveCfg = Debug|Any CPU
		{A794CFDD-1501-4AEB-8EDC-FC4AF0C640F0}.Debug|x86.Build.0 = Debug|Any CPU
		{A794CFDD-1501-4AEB-8EDC-FC4AF0C640F0}.Release|Any CPU.ActiveCfg = Release|Any CPU
		{A794CFDD-1501-4AEB-8EDC-FC4AF0C640F0}.Release|Any CPU.Build.0 = Release|Any CPU
		{A794CFDD-1501-4AEB-8EDC-FC4AF0C640F0}.Release|x64.ActiveCfg = Release|Any CPU
		{A794CFDD-1501-4AEB-8EDC-FC4AF0C640F0}.Release|x64.Build.0 = Release|Any CPU
		{A794CFDD-1501-4AEB-8EDC-FC4AF0C640F0}.Release|x86.ActiveCfg = Release|Any CPU
		{A794CFDD-1501-4AEB-8EDC-FC4AF0C640F0}.Release|x86.Build.0 = Release|Any CPU
		{FECF1A88-2683-4290-A6FA-4CA667B076F5}.Debug|Any CPU.ActiveCfg = Debug|Any CPU
		{FECF1A88-2683-4290-A6FA-4CA667B076F5}.Debug|Any CPU.Build.0 = Debug|Any CPU
		{FECF1A88-2683-4290-A6FA-4CA667B076F5}.Debug|x64.ActiveCfg = Debug|Any CPU
		{FECF1A88-2683-4290-A6FA-4CA667B076F5}.Debug|x64.Build.0 = Debug|Any CPU
		{FECF1A88-2683-4290-A6FA-4CA667B076F5}.Debug|x86.ActiveCfg = Debug|Any CPU
		{FECF1A88-2683-4290-A6FA-4CA667B076F5}.Debug|x86.Build.0 = Debug|Any CPU
		{FECF1A88-2683-4290-A6FA-4CA667B076F5}.Release|Any CPU.ActiveCfg = Release|Any CPU
		{FECF1A88-2683-4290-A6FA-4CA667B076F5}.Release|Any CPU.Build.0 = Release|Any CPU
		{FECF1A88-2683-4290-A6FA-4CA667B076F5}.Release|x64.ActiveCfg = Release|Any CPU
		{FECF1A88-2683-4290-A6FA-4CA667B076F5}.Release|x64.Build.0 = Release|Any CPU
		{FECF1A88-2683-4290-A6FA-4CA667B076F5}.Release|x86.ActiveCfg = Release|Any CPU
		{FECF1A88-2683-4290-A6FA-4CA667B076F5}.Release|x86.Build.0 = Release|Any CPU
		{A7281AB0-FEEA-4110-B8C4-D56E91DCE887}.Debug|Any CPU.ActiveCfg = Debug|Any CPU
		{A7281AB0-FEEA-4110-B8C4-D56E91DCE887}.Debug|Any CPU.Build.0 = Debug|Any CPU
		{A7281AB0-FEEA-4110-B8C4-D56E91DCE887}.Debug|x64.ActiveCfg = Debug|Any CPU
		{A7281AB0-FEEA-4110-B8C4-D56E91DCE887}.Debug|x64.Build.0 = Debug|Any CPU
		{A7281AB0-FEEA-4110-B8C4-D56E91DCE887}.Debug|x86.ActiveCfg = Debug|Any CPU
		{A7281AB0-FEEA-4110-B8C4-D56E91DCE887}.Debug|x86.Build.0 = Debug|Any CPU
		{A7281AB0-FEEA-4110-B8C4-D56E91DCE887}.Release|Any CPU.ActiveCfg = Release|Any CPU
		{A7281AB0-FEEA-4110-B8C4-D56E91DCE887}.Release|Any CPU.Build.0 = Release|Any CPU
		{A7281AB0-FEEA-4110-B8C4-D56E91DCE887}.Release|x64.ActiveCfg = Release|Any CPU
		{A7281AB0-FEEA-4110-B8C4-D56E91DCE887}.Release|x64.Build.0 = Release|Any CPU
		{A7281AB0-FEEA-4110-B8C4-D56E91DCE887}.Release|x86.ActiveCfg = Release|Any CPU
		{A7281AB0-FEEA-4110-B8C4-D56E91DCE887}.Release|x86.Build.0 = Release|Any CPU
	EndGlobalSection
	GlobalSection(SolutionProperties) = preSolution
		HideSolutionNode = FALSE
	EndGlobalSection
	GlobalSection(ExtensibilityGlobals) = postSolution
		SolutionGuid = {0B262594-2C68-4618-9B36-110CC3AA962F}
	EndGlobalSection
EndGlobal
